PODS:
  - QAMenu (0.5.1):
    - QAMenuUtils
  - QAMenuCatalog (0.5.1):
    - QAMenu
  - QAMenuUIKit (0.5.1):
    - QAMenu
  - QAMenuUtils (0.5.1)

DEPENDENCIES:
  - QAMenu (from `../..`)
  - QAMenuCatalog (from `../..`)
  - QAMenuUIKit (from `../..`)
  - QAMenuUtils (from `../..`)

EXTERNAL SOURCES:
  QAMenu:
    :path: "../.."
  QAMenuCatalog:
    :path: "../.."
  QAMenuUIKit:
    :path: "../.."
  QAMenuUtils:
    :path: "../.."

SPEC CHECKSUMS:
  QAMenu: 8bd3c8913dee307c3bdd8d01cbf27ee122b4292e
  QAMenuCatalog: c55a8cc72730a5a116e9ab6f0d19f172c2a95fba
  QAMenuUIKit: 4781789732567a036096311a1a569cfaa07ee3d8
  QAMenuUtils: 74f619dfb5cc7e500443689a140a7165a55a36d2

PODFILE CHECKSUM: c44ec374043f6477287d76b1a823a5ed8712e2ed

COCOAPODS: 1.11.2
