PODS:
  - QAMenu (0.6.0):
    - QAMenuUtils
  - QAMenuCatalog (0.6.0):
    - QAMenu
  - QAMenuExampleItems (0.6.0):
    - QAMenu
  - QAMenuUIKit (0.6.0):
    - QAMenu
  - QAMenuUtils (0.6.0)

DEPENDENCIES:
  - QAMenu (from `../..`)
  - QAMenuCatalog (from `../..`)
  - QAMenuExampleItems (from `../..`)
  - QAMenuUIKit (from `../..`)
  - QAMenuUtils (from `../..`)

EXTERNAL SOURCES:
  QAMenu:
    :path: "../.."
  QAMenuCatalog:
    :path: "../.."
  QAMenuExampleItems:
    :path: "../.."
  QAMenuUIKit:
    :path: "../.."
  QAMenuUtils:
    :path: "../.."

SPEC CHECKSUMS:
  QAMenu: 23e73918a42c31d383bc08e3a28af367b3b2a27a
  QAMenuCatalog: f21a97843be6cb9e1758cb70ec3aa0cecd1ada1d
  QAMenuExampleItems: 25aa244f1d5127048d212d66a35e26890da11e32
  QAMenuUIKit: aa9d020ca58d79c188ca3d998a6dd0529c56ed68
  QAMenuUtils: 561ad603a7d593ed72d66e4ce8b5fa386c4780af

PODFILE CHECKSUM: 99da826572c0b7180c5c905c1f19014d1f50ff5c

COCOAPODS: 1.11.2
