PODS:
  - QAMenu (0.2.0):
    - QAMenuUtils
  - QAMenuCatalog (0.2.0):
    - QAMenu
  - QAMenuUIKit (0.2.0):
    - QAMenu
  - QAMenuUtils (0.2.0)

DEPENDENCIES:
  - QAMenu (from `../..`)
  - QAMenuCatalog (from `../..`)
  - QAMenuUIKit (from `../..`)
  - QAMenuUtils (from `../..`)

EXTERNAL SOURCES:
  QAMenu:
    :path: "../.."
  QAMenuCatalog:
    :path: "../.."
  QAMenuUIKit:
    :path: "../.."
  QAMenuUtils:
    :path: "../.."

SPEC CHECKSUMS:
  QAMenu: 4b2bdb83593499d55526f8a43440260c4af0027d
  QAMenuCatalog: b8cfd5d4b1a9d41eb1140d63f06d428f4780b08c
  QAMenuUIKit: eabc20413bcd35ca6fb46f395110034225514cf0
  QAMenuUtils: 2f3670d4c7f8c951e2f3f29fb495c4acc37b70d2

PODFILE CHECKSUM: c44ec374043f6477287d76b1a823a5ed8712e2ed

COCOAPODS: 1.10.1
